
Microsoft Visual Studio Solution File, Format Version 12.00
# Visual Studio Version 17
VisualStudioVersion = 17.7.34024.191
MinimumVisualStudioVersion = 10.0.40219.1
Project("{FAE04EC0-301F-11D3-BF4B-00C04F79EFBC}") = "Assigntment_2", "Assigntment_2.csproj", "{B1523301-E29F-415E-A6D5-7C59EDD18C17}"
EndProject
Global
	GlobalSection(SolutionConfigurationPlatforms) = preSolution
		Debug|Any CPU = Debug|Any CPU
		Release|Any CPU = Release|Any CPU
	EndGlobalSection
	GlobalSection(ProjectConfigurationPlatforms) = postSolution
		{B1523301-E29F-415E-A6D5-7C59EDD18C17}.Debug|Any CPU.ActiveCfg = Debug|Any CPU
		{B1523301-E29F-415E-A6D5-7C59EDD18C17}.Debug|Any CPU.Build.0 = Debug|Any CPU
		{B1523301-E29F-415E-A6D5-7C59EDD18C17}.Release|Any CPU.ActiveCfg = Release|Any CPU
		{B1523301-E29F-415E-A6D5-7C59EDD18C17}.Release|Any CPU.Build.0 = Release|Any CPU
	EndGlobalSection
	GlobalSection(SolutionProperties) = preSolution
		HideSolutionNode = FALSE
	EndGlobalSection
	GlobalSection(ExtensibilityGlobals) = postSolution
		SolutionGuid = {561147FF-FFCD-468D-9ABD-038EA72545E3}
	EndGlobalSection
EndGlobal
